// !$*UTF8*$!
{
	archiveVersion = 1;
	classes = {
	};
	objectVersion = 50;
	objects = {

/* Begin PBXBuildFile section */
		E1DC916B24A6613500625055 /* ActionsInChains.framework in Frameworks */ = {isa = PBXBuildFile; fileRef = E1DC916124A6613400625055 /* ActionsInChains.framework */; };
		E1DC917024A6613600625055 /* ActionsInChainsTests.swift in Sources */ = {isa = PBXBuildFile; fileRef = E1DC916F24A6613600625055 /* ActionsInChainsTests.swift */; };
		E1DC917224A6613600625055 /* ActionsInChains.h in Headers */ = {isa = PBXBuildFile; fileRef = E1DC916424A6613400625055 /* ActionsInChains.h */; settings = {ATTRIBUTES = (Public, ); }; };
		E1DC917C24A6625700625055 /* SMChain.swift in Sources */ = {isa = PBXBuildFile; fileRef = E1DC917B24A6625700625055 /* SMChain.swift */; };
		E1DC917E24A6626400625055 /* SMAction.swift in Sources */ = {isa = PBXBuildFile; fileRef = E1DC917D24A6626400625055 /* SMAction.swift */; };
		E1DC918024A6630B00625055 /* SMChainConfigurator.swift in Sources */ = {isa = PBXBuildFile; fileRef = E1DC917F24A6630B00625055 /* SMChainConfigurator.swift */; };
		E1DC918224A6693C00625055 /* SMActionConfigurator.swift in Sources */ = {isa = PBXBuildFile; fileRef = E1DC918124A6693B00625055 /* SMActionConfigurator.swift */; };
/* End PBXBuildFile section */

/* Begin PBXContainerItemProxy section */
		E1DC916C24A6613500625055 /* PBXContainerItemProxy */ = {
			isa = PBXContainerItemProxy;
			containerPortal = E1DC915824A6613300625055 /* Project object */;
			proxyType = 1;
			remoteGlobalIDString = E1DC916024A6613400625055;
			remoteInfo = ActionsInChains;
		};
/* End PBXContainerItemProxy section */

/* Begin PBXFileReference section */
		E1DC916124A6613400625055 /* ActionsInChains.framework */ = {isa = PBXFileReference; explicitFileType = wrapper.framework; includeInIndex = 0; path = ActionsInChains.framework; sourceTree = BUILT_PRODUCTS_DIR; };
		E1DC916424A6613400625055 /* ActionsInChains.h */ = {isa = PBXFileReference; lastKnownFileType = sourcecode.c.h; path = ActionsInChains.h; sourceTree = "<group>"; };
		E1DC916524A6613400625055 /* Info.plist */ = {isa = PBXFileReference; lastKnownFileType = text.plist.xml; path = Info.plist; sourceTree = "<group>"; };
		E1DC916A24A6613500625055 /* ActionsInChainsTests.xctest */ = {isa = PBXFileReference; explicitFileType = wrapper.cfbundle; includeInIndex = 0; path = ActionsInChainsTests.xctest; sourceTree = BUILT_PRODUCTS_DIR; };
		E1DC916F24A6613600625055 /* ActionsInChainsTests.swift */ = {isa = PBXFileReference; lastKnownFileType = sourcecode.swift; path = ActionsInChainsTests.swift; sourceTree = "<group>"; };
		E1DC917124A6613600625055 /* Info.plist */ = {isa = PBXFileReference; lastKnownFileType = text.plist.xml; path = Info.plist; sourceTree = "<group>"; };
		E1DC917B24A6625700625055 /* SMChain.swift */ = {isa = PBXFileReference; lastKnownFileType = sourcecode.swift; path = SMChain.swift; sourceTree = "<group>"; };
		E1DC917D24A6626400625055 /* SMAction.swift */ = {isa = PBXFileReference; lastKnownFileType = sourcecode.swift; path = SMAction.swift; sourceTree = "<group>"; };
		E1DC917F24A6630B00625055 /* SMChainConfigurator.swift */ = {isa = PBXFileReference; lastKnownFileType = sourcecode.swift; path = SMChainConfigurator.swift; sourceTree = "<group>"; };
		E1DC918124A6693B00625055 /* SMActionConfigurator.swift */ = {isa = PBXFileReference; lastKnownFileType = sourcecode.swift; path = SMActionConfigurator.swift; sourceTree = "<group>"; };
/* End PBXFileReference section */

/* Begin PBXFrameworksBuildPhase section */
		E1DC915E24A6613400625055 /* Frameworks */ = {
			isa = PBXFrameworksBuildPhase;
			buildActionMask = 2147483647;
			files = (
			);
			runOnlyForDeploymentPostprocessing = 0;
		};
		E1DC916724A6613500625055 /* Frameworks */ = {
			isa = PBXFrameworksBuildPhase;
			buildActionMask = 2147483647;
			files = (
				E1DC916B24A6613500625055 /* ActionsInChains.framework in Frameworks */,
			);
			runOnlyForDeploymentPostprocessing = 0;
		};
/* End PBXFrameworksBuildPhase section */

/* Begin PBXGroup section */
		E1DC915724A6613300625055 = {
			isa = PBXGroup;
			children = (
				E1DC916324A6613400625055 /* ActionsInChains */,
				E1DC916E24A6613600625055 /* ActionsInChainsTests */,
				E1DC916224A6613400625055 /* Products */,
			);
			sourceTree = "<group>";
		};
		E1DC916224A6613400625055 /* Products */ = {
			isa = PBXGroup;
			children = (
				E1DC916124A6613400625055 /* ActionsInChains.framework */,
				E1DC916A24A6613500625055 /* ActionsInChainsTests.xctest */,
			);
			name = Products;
			sourceTree = "<group>";
		};
		E1DC916324A6613400625055 /* ActionsInChains */ = {
			isa = PBXGroup;
			children = (
				E1DC916424A6613400625055 /* ActionsInChains.h */,
				E1DC917B24A6625700625055 /* SMChain.swift */,
				E1DC917D24A6626400625055 /* SMAction.swift */,
				E1DC918124A6693B00625055 /* SMActionConfigurator.swift */,
				E1DC917F24A6630B00625055 /* SMChainConfigurator.swift */,
				E1DC916524A6613400625055 /* Info.plist */,
			);
			path = ActionsInChains;
			sourceTree = "<group>";
		};
		E1DC916E24A6613600625055 /* ActionsInChainsTests */ = {
			isa = PBXGroup;
			children = (
				E1DC916F24A6613600625055 /* ActionsInChainsTests.swift */,
				E1DC917124A6613600625055 /* Info.plist */,
			);
			path = ActionsInChainsTests;
			sourceTree = "<group>";
		};
/* End PBXGroup section */

/* Begin PBXHeadersBuildPhase section */
		E1DC915C24A6613400625055 /* Headers */ = {
			isa = PBXHeadersBuildPhase;
			buildActionMask = 2147483647;
			files = (
				E1DC917224A6613600625055 /* ActionsInChains.h in Headers */,
			);
			runOnlyForDeploymentPostprocessing = 0;
		};
/* End PBXHeadersBuildPhase section */

/* Begin PBXNativeTarget section */
		E1DC916024A6613400625055 /* ActionsInChains */ = {
			isa = PBXNativeTarget;
			buildConfigurationList = E1DC917524A6613600625055 /* Build configuration list for PBXNativeTarget "ActionsInChains" */;
			buildPhases = (
				E1DC915C24A6613400625055 /* Headers */,
				E1DC915D24A6613400625055 /* Sources */,
				E1DC915E24A6613400625055 /* Frameworks */,
				E1DC915F24A6613400625055 /* Resources */,
			);
			buildRules = (
			);
			dependencies = (
			);
			name = ActionsInChains;
			productName = ActionsInChains;
			productReference = E1DC916124A6613400625055 /* ActionsInChains.framework */;
			productType = "com.apple.product-type.framework";
		};
		E1DC916924A6613500625055 /* ActionsInChainsTests */ = {
			isa = PBXNativeTarget;
			buildConfigurationList = E1DC917824A6613600625055 /* Build configuration list for PBXNativeTarget "ActionsInChainsTests" */;
			buildPhases = (
				E1DC916624A6613500625055 /* Sources */,
				E1DC916724A6613500625055 /* Frameworks */,
				E1DC916824A6613500625055 /* Resources */,
			);
			buildRules = (
			);
			dependencies = (
				E1DC916D24A6613500625055 /* PBXTargetDependency */,
			);
			name = ActionsInChainsTests;
			productName = ActionsInChainsTests;
			productReference = E1DC916A24A6613500625055 /* ActionsInChainsTests.xctest */;
			productType = "com.apple.product-type.bundle.unit-test";
		};
/* End PBXNativeTarget section */

/* Begin PBXProject section */
		E1DC915824A6613300625055 /* Project object */ = {
			isa = PBXProject;
			attributes = {
				LastSwiftUpdateCheck = 1150;
				LastUpgradeCheck = 1150;
				ORGANIZATIONNAME = "Sergey Mikhailov";
				TargetAttributes = {
					E1DC916024A6613400625055 = {
						CreatedOnToolsVersion = 11.5;
						LastSwiftMigration = 1150;
					};
					E1DC916924A6613500625055 = {
						CreatedOnToolsVersion = 11.5;
					};
				};
			};
			buildConfigurationList = E1DC915B24A6613300625055 /* Build configuration list for PBXProject "ActionsInChains" */;
			compatibilityVersion = "Xcode 9.3";
			developmentRegion = en;
			hasScannedForEncodings = 0;
			knownRegions = (
				en,
				Base,
			);
			mainGroup = E1DC915724A6613300625055;
			productRefGroup = E1DC916224A6613400625055 /* Products */;
			projectDirPath = "";
			projectRoot = "";
			targets = (
				E1DC916024A6613400625055 /* ActionsInChains */,
				E1DC916924A6613500625055 /* ActionsInChainsTests */,
			);
		};
/* End PBXProject section */

/* Begin PBXResourcesBuildPhase section */
		E1DC915F24A6613400625055 /* Resources */ = {
			isa = PBXResourcesBuildPhase;
			buildActionMask = 2147483647;
			files = (
			);
			runOnlyForDeploymentPostprocessing = 0;
		};
		E1DC916824A6613500625055 /* Resources */ = {
			isa = PBXResourcesBuildPhase;
			buildActionMask = 2147483647;
			files = (
			);
			runOnlyForDeploymentPostprocessing = 0;
		};
/* End PBXResourcesBuildPhase section */

/* Begin PBXSourcesBuildPhase section */
		E1DC915D24A6613400625055 /* Sources */ = {
			isa = PBXSourcesBuildPhase;
			buildActionMask = 2147483647;
			files = (
				E1DC918024A6630B00625055 /* SMChainConfigurator.swift in Sources */,
				E1DC917C24A6625700625055 /* SMChain.swift in Sources */,
				E1DC918224A6693C00625055 /* SMActionConfigurator.swift in Sources */,
				E1DC917E24A6626400625055 /* SMAction.swift in Sources */,
			);
			runOnlyForDeploymentPostprocessing = 0;
		};
		E1DC916624A6613500625055 /* Sources */ = {
			isa = PBXSourcesBuildPhase;
			buildActionMask = 2147483647;
			files = (
				E1DC917024A6613600625055 /* ActionsInChainsTests.swift in Sources */,
			);
			runOnlyForDeploymentPostprocessing = 0;
		};
/* End PBXSourcesBuildPhase section */

/* Begin PBXTargetDependency section */
		E1DC916D24A6613500625055 /* PBXTargetDependency */ = {
			isa = PBXTargetDependency;
			target = E1DC916024A6613400625055 /* ActionsInChains */;
			targetProxy = E1DC916C24A6613500625055 /* PBXContainerItemProxy */;
		};
/* End PBXTargetDependency section */

/* Begin XCBuildConfiguration section */
		E1DC917324A6613600625055 /* Debug */ = {
			isa = XCBuildConfiguration;
			buildSettings = {
				ALWAYS_SEARCH_USER_PATHS = NO;
				CLANG_ANALYZER_NONNULL = YES;
				CLANG_ANALYZER_NUMBER_OBJECT_CONVERSION = YES_AGGRESSIVE;
				CLANG_CXX_LANGUAGE_STANDARD = "gnu++14";
				CLANG_CXX_LIBRARY = "libc++";
				CLANG_ENABLE_MODULES = YES;
				CLANG_ENABLE_OBJC_ARC = YES;
				CLANG_ENABLE_OBJC_WEAK = YES;
				CLANG_WARN_BLOCK_CAPTURE_AUTORELEASING = YES;
				CLANG_WARN_BOOL_CONVERSION = YES;
				CLANG_WARN_COMMA = YES;
				CLANG_WARN_CONSTANT_CONVERSION = YES;
				CLANG_WARN_DEPRECATED_OBJC_IMPLEMENTATIONS = YES;
				CLANG_WARN_DIRECT_OBJC_ISA_USAGE = YES_ERROR;
				CLANG_WARN_DOCUMENTATION_COMMENTS = YES;
				CLANG_WARN_EMPTY_BODY = YES;
				CLANG_WARN_ENUM_CONVERSION = YES;
				CLANG_WARN_INFINITE_RECURSION = YES;
				CLANG_WARN_INT_CONVERSION = YES;
				CLANG_WARN_NON_LITERAL_NULL_CONVERSION = YES;
				CLANG_WARN_OBJC_IMPLICIT_RETAIN_SELF = YES;
				CLANG_WARN_OBJC_LITERAL_CONVERSION = YES;
				CLANG_WARN_OBJC_ROOT_CLASS = YES_ERROR;
				CLANG_WARN_RANGE_LOOP_ANALYSIS = YES;
				CLANG_WARN_STRICT_PROTOTYPES = YES;
				CLANG_WARN_SUSPICIOUS_MOVE = YES;
				CLANG_WARN_UNGUARDED_AVAILABILITY = YES_AGGRESSIVE;
				CLANG_WARN_UNREACHABLE_CODE = YES;
				CLANG_WARN__DUPLICATE_METHOD_MATCH = YES;
				COPY_PHASE_STRIP = NO;
				CURRENT_PROJECT_VERSION = 1;
				DEBUG_INFORMATION_FORMAT = dwarf;
				ENABLE_STRICT_OBJC_MSGSEND = YES;
				ENABLE_TESTABILITY = YES;
				GCC_C_LANGUAGE_STANDARD = gnu11;
				GCC_DYNAMIC_NO_PIC = NO;
				GCC_NO_COMMON_BLOCKS = YES;
				GCC_OPTIMIZATION_LEVEL = 0;
				GCC_PREPROCESSOR_DEFINITIONS = (
					"DEBUG=1",
					"$(inherited)",
				);
				GCC_WARN_64_TO_32_BIT_CONVERSION = YES;
				GCC_WARN_ABOUT_RETURN_TYPE = YES_ERROR;
				GCC_WARN_UNDECLARED_SELECTOR = YES;
				GCC_WARN_UNINITIALIZED_AUTOS = YES_AGGRESSIVE;
				GCC_WARN_UNUSED_FUNCTION = YES;
				GCC_WARN_UNUSED_VARIABLE = YES;
				IPHONEOS_DEPLOYMENT_TARGET = 13.5;
				MTL_ENABLE_DEBUG_INFO = INCLUDE_SOURCE;
				MTL_FAST_MATH = YES;
				ONLY_ACTIVE_ARCH = YES;
				SDKROOT = iphoneos;
				SWIFT_ACTIVE_COMPILATION_CONDITIONS = DEBUG;
				SWIFT_OPTIMIZATION_LEVEL = "-Onone";
				VERSIONING_SYSTEM = "apple-generic";
				VERSION_INFO_PREFIX = "";
			};
			name = Debug;
		};
		E1DC917424A6613600625055 /* Release */ = {
			isa = XCBuildConfiguration;
			buildSettings = {
				ALWAYS_SEARCH_USER_PATHS = NO;
				CLANG_ANALYZER_NONNULL = YES;
				CLANG_ANALYZER_NUMBER_OBJECT_CONVERSION = YES_AGGRESSIVE;
				CLANG_CXX_LANGUAGE_STANDARD = "gnu++14";
				CLANG_CXX_LIBRARY = "libc++";
				CLANG_ENABLE_MODULES = YES;
				CLANG_ENABLE_OBJC_ARC = YES;
				CLANG_ENABLE_OBJC_WEAK = YES;
				CLANG_WARN_BLOCK_CAPTURE_AUTORELEASING = YES;
				CLANG_WARN_BOOL_CONVERSION = YES;
				CLANG_WARN_COMMA = YES;
				CLANG_WARN_CONSTANT_CONVERSION = YES;
				CLANG_WARN_DEPRECATED_OBJC_IMPLEMENTATIONS = YES;
				CLANG_WARN_DIRECT_OBJC_ISA_USAGE = YES_ERROR;
				CLANG_WARN_DOCUMENTATION_COMMENTS = YES;
				CLANG_WARN_EMPTY_BODY = YES;
				CLANG_WARN_ENUM_CONVERSION = YES;
				CLANG_WARN_INFINITE_RECURSION = YES;
				CLANG_WARN_INT_CONVERSION = YES;
				CLANG_WARN_NON_LITERAL_NULL_CONVERSION = YES;
				CLANG_WARN_OBJC_IMPLICIT_RETAIN_SELF = YES;
				CLANG_WARN_OBJC_LITERAL_CONVERSION = YES;
				CLANG_WARN_OBJC_ROOT_CLASS = YES_ERROR;
				CLANG_WARN_RANGE_LOOP_ANALYSIS = YES;
				CLANG_WARN_STRICT_PROTOTYPES = YES;
				CLANG_WARN_SUSPICIOUS_MOVE = YES;
				CLANG_WARN_UNGUARDED_AVAILABILITY = YES_AGGRESSIVE;
				CLANG_WARN_UNREACHABLE_CODE = YES;
				CLANG_WARN__DUPLICATE_METHOD_MATCH = YES;
				COPY_PHASE_STRIP = NO;
				CURRENT_PROJECT_VERSION = 1;
				DEBUG_INFORMATION_FORMAT = "dwarf-with-dsym";
				ENABLE_NS_ASSERTIONS = NO;
				ENABLE_STRICT_OBJC_MSGSEND = YES;
				GCC_C_LANGUAGE_STANDARD = gnu11;
				GCC_NO_COMMON_BLOCKS = YES;
				GCC_WARN_64_TO_32_BIT_CONVERSION = YES;
				GCC_WARN_ABOUT_RETURN_TYPE = YES_ERROR;
				GCC_WARN_UNDECLARED_SELECTOR = YES;
				GCC_WARN_UNINITIALIZED_AUTOS = YES_AGGRESSIVE;
				GCC_WARN_UNUSED_FUNCTION = YES;
				GCC_WARN_UNUSED_VARIABLE = YES;
				IPHONEOS_DEPLOYMENT_TARGET = 13.5;
				MTL_ENABLE_DEBUG_INFO = NO;
				MTL_FAST_MATH = YES;
				SDKROOT = iphoneos;
				SWIFT_COMPILATION_MODE = wholemodule;
				SWIFT_OPTIMIZATION_LEVEL = "-O";
				VALIDATE_PRODUCT = YES;
				VERSIONING_SYSTEM = "apple-generic";
				VERSION_INFO_PREFIX = "";
			};
			name = Release;
		};
		E1DC917624A6613600625055 /* Debug */ = {
			isa = XCBuildConfiguration;
			buildSettings = {
				CLANG_ENABLE_MODULES = YES;
				CODE_SIGN_STYLE = Automatic;
				DEFINES_MODULE = YES;
				DEVELOPMENT_TEAM = XBW4F9AQY3;
				DYLIB_COMPATIBILITY_VERSION = 1;
				DYLIB_CURRENT_VERSION = 1;
				DYLIB_INSTALL_NAME_BASE = "@rpath";
				INFOPLIST_FILE = ActionsInChains/Info.plist;
				INSTALL_PATH = "$(LOCAL_LIBRARY_DIR)/Frameworks";
				LD_RUNPATH_SEARCH_PATHS = (
					"$(inherited)",
					"@executable_path/Frameworks",
					"@loader_path/Frameworks",
				);
				PRODUCT_BUNDLE_IDENTIFIER = Mikhailov.ActionsInChains;
				PRODUCT_NAME = "$(TARGET_NAME:c99extidentifier)";
				SKIP_INSTALL = YES;
				SWIFT_OPTIMIZATION_LEVEL = "-Onone";
				SWIFT_VERSION = 5.0;
				TARGETED_DEVICE_FAMILY = "1,2";
			};
			name = Debug;
		};
		E1DC917724A6613600625055 /* Release */ = {
			isa = XCBuildConfiguration;
			buildSettings = {
				CLANG_ENABLE_MODULES = YES;
				CODE_SIGN_STYLE = Automatic;
				DEFINES_MODULE = YES;
				DEVELOPMENT_TEAM = XBW4F9AQY3;
				DYLIB_COMPATIBILITY_VERSION = 1;
				DYLIB_CURRENT_VERSION = 1;
				DYLIB_INSTALL_NAME_BASE = "@rpath";
				INFOPLIST_FILE = ActionsInChains/Info.plist;
				INSTALL_PATH = "$(LOCAL_LIBRARY_DIR)/Frameworks";
				LD_RUNPATH_SEARCH_PATHS = (
					"$(inherited)",
					"@executable_path/Frameworks",
					"@loader_path/Frameworks",
				);
				PRODUCT_BUNDLE_IDENTIFIER = Mikhailov.ActionsInChains;
				PRODUCT_NAME = "$(TARGET_NAME:c99extidentifier)";
				SKIP_INSTALL = YES;
				SWIFT_VERSION = 5.0;
				TARGETED_DEVICE_FAMILY = "1,2";
			};
			name = Release;
		};
		E1DC917924A6613600625055 /* Debug */ = {
			isa = XCBuildConfiguration;
			buildSettings = {
				ALWAYS_EMBED_SWIFT_STANDARD_LIBRARIES = YES;
				CODE_SIGN_STYLE = Automatic;
				DEVELOPMENT_TEAM = XBW4F9AQY3;
				INFOPLIST_FILE = ActionsInChainsTests/Info.plist;
				LD_RUNPATH_SEARCH_PATHS = (
					"$(inherited)",
					"@executable_path/Frameworks",
					"@loader_path/Frameworks",
				);
				PRODUCT_BUNDLE_IDENTIFIER = Mikhailov.ActionsInChainsTests;
				PRODUCT_NAME = "$(TARGET_NAME)";
				SWIFT_VERSION = 5.0;
				TARGETED_DEVICE_FAMILY = "1,2";
			};
			name = Debug;
		};
		E1DC917A24A6613600625055 /* Release */ = {
			isa = XCBuildConfiguration;
			buildSettings = {
				ALWAYS_EMBED_SWIFT_STANDARD_LIBRARIES = YES;
				CODE_SIGN_STYLE = Automatic;
				DEVELOPMENT_TEAM = XBW4F9AQY3;
				INFOPLIST_FILE = ActionsInChainsTests/Info.plist;
				LD_RUNPATH_SEARCH_PATHS = (
					"$(inherited)",
					"@executable_path/Frameworks",
					"@loader_path/Frameworks",
				);
				PRODUCT_BUNDLE_IDENTIFIER = Mikhailov.ActionsInChainsTests;
				PRODUCT_NAME = "$(TARGET_NAME)";
				SWIFT_VERSION = 5.0;
				TARGETED_DEVICE_FAMILY = "1,2";
			};
			name = Release;
		};
/* End XCBuildConfiguration section */

/* Begin XCConfigurationList section */
		E1DC915B24A6613300625055 /* Build configuration list for PBXProject "ActionsInChains" */ = {
			isa = XCConfigurationList;
			buildConfigurations = (
				E1DC917324A6613600625055 /* Debug */,
				E1DC917424A6613600625055 /* Release */,
			);
			defaultConfigurationIsVisible = 0;
			defaultConfigurationName = Release;
		};
		E1DC917524A6613600625055 /* Build configuration list for PBXNativeTarget "ActionsInChains" */ = {
			isa = XCConfigurationList;
			buildConfigurations = (
				E1DC917624A6613600625055 /* Debug */,
				E1DC917724A6613600625055 /* Release */,
			);
			defaultConfigurationIsVisible = 0;
			defaultConfigurationName = Release;
		};
		E1DC917824A6613600625055 /* Build configuration list for PBXNativeTarget "ActionsInChainsTests" */ = {
			isa = XCConfigurationList;
			buildConfigurations = (
				E1DC917924A6613600625055 /* Debug */,
				E1DC917A24A6613600625055 /* Release */,
			);
			defaultConfigurationIsVisible = 0;
			defaultConfigurationName = Release;
		};
/* End XCConfigurationList section */
	};
	rootObject = E1DC915824A6613300625055 /* Project object */;
}
